
Microsoft Visual Studio Solution File, Format Version 12.00
# Visual Studio 15
VisualStudioVersion = 15.0.28307.168
MinimumVisualStudioVersion = 10.0.40219.1
Project("{FAE04EC0-301F-11D3-BF4B-00C04F79EFBC}") = "HotTipsterCA3", "HotTipsterCA3\HotTipsterCA3.csproj", "{5733B07E-ED9B-4AA9-92ED-B37534F956FA}"
EndProject
Project("{FAE04EC0-301F-11D3-BF4B-00C04F79EFBC}") = "HotTipsterCA3Tests", "HotTipsterCA3Tests\HotTipsterCA3Tests.csproj", "{209DB4B5-580C-4F49-B84D-387280577286}"
EndProject
Global
	GlobalSection(SolutionConfigurationPlatforms) = preSolution
		Debug|Any CPU = Debug|Any CPU
		Release|Any CPU = Release|Any CPU
	EndGlobalSection
	GlobalSection(ProjectConfigurationPlatforms) = postSolution
		{5733B07E-ED9B-4AA9-92ED-B37534F956FA}.Debug|Any CPU.ActiveCfg = Debug|Any CPU
		{5733B07E-ED9B-4AA9-92ED-B37534F956FA}.Debug|Any CPU.Build.0 = Debug|Any CPU
		{5733B07E-ED9B-4AA9-92ED-B37534F956FA}.Release|Any CPU.ActiveCfg = Release|Any CPU
		{5733B07E-ED9B-4AA9-92ED-B37534F956FA}.Release|Any CPU.Build.0 = Release|Any CPU
		{209DB4B5-580C-4F49-B84D-387280577286}.Debug|Any CPU.ActiveCfg = Debug|Any CPU
		{209DB4B5-580C-4F49-B84D-387280577286}.Debug|Any CPU.Build.0 = Debug|Any CPU
		{209DB4B5-580C-4F49-B84D-387280577286}.Release|Any CPU.ActiveCfg = Release|Any CPU
		{209DB4B5-580C-4F49-B84D-387280577286}.Release|Any CPU.Build.0 = Release|Any CPU
	EndGlobalSection
	GlobalSection(SolutionProperties) = preSolution
		HideSolutionNode = FALSE
	EndGlobalSection
	GlobalSection(ExtensibilityGlobals) = postSolution
		SolutionGuid = {046C42A6-56AA-4F56-9043-384EFE873914}
	EndGlobalSection
EndGlobal
